
Microsoft Visual Studio Solution File, Format Version 12.00
# Visual Studio Version 17
VisualStudioVersion = 17.5.33424.131
MinimumVisualStudioVersion = 10.0.40219.1
Project("{FAE04EC0-301F-11D3-BF4B-00C04F79EFBC}") = "CSharpSyntax", "CSharpSyntax\CSharpSyntax.csproj", "{2F988BC3-C102-4F5F-980F-F24042C15B9C}"
EndProject
Global
	GlobalSection(SolutionConfigurationPlatforms) = preSolution
		Debug|Any CPU = Debug|Any CPU
		Release|Any CPU = Release|Any CPU
	EndGlobalSection
	GlobalSection(ProjectConfigurationPlatforms) = postSolution
		{2F988BC3-C102-4F5F-980F-F24042C15B9C}.Debug|Any CPU.ActiveCfg = Debug|Any CPU
		{2F988BC3-C102-4F5F-980F-F24042C15B9C}.Debug|Any CPU.Build.0 = Debug|Any CPU
		{2F988BC3-C102-4F5F-980F-F24042C15B9C}.Release|Any CPU.ActiveCfg = Release|Any CPU
		{2F988BC3-C102-4F5F-980F-F24042C15B9C}.Release|Any CPU.Build.0 = Release|Any CPU
	EndGlobalSection
	GlobalSection(SolutionProperties) = preSolution
		HideSolutionNode = FALSE
	EndGlobalSection
	GlobalSection(ExtensibilityGlobals) = postSolution
		SolutionGuid = {E671BB12-CD99-4432-8F96-F8D654626AA3}
	EndGlobalSection
EndGlobal
